
Microsoft Visual Studio Solution File, Format Version 12.00
# Visual Studio Version 17
VisualStudioVersion = 17.4.33205.214
MinimumVisualStudioVersion = 10.0.40219.1
Project("{9A19103F-16F7-4668-BE54-9A1E7A4F7556}") = "FrontendChallenge.Web", "FrontEndChallenge.Web\FrontendChallenge.Web.csproj", "{6ABC8569-803E-4B7C-8742-82CE90F7ABAA}"
EndProject
Project("{FAE04EC0-301F-11D3-BF4B-00C04F79EFBC}") = "FrontEndChallenge.Tests", "FrontEndChallenge.Tests\FrontEndChallenge.Tests.csproj", "{3C62407C-A8DD-4C73-A5ED-283488E1B105}"
EndProject
Global
	GlobalSection(SolutionConfigurationPlatforms) = preSolution
		Debug|Any CPU = Debug|Any CPU
		Release|Any CPU = Release|Any CPU
	EndGlobalSection
	GlobalSection(ProjectConfigurationPlatforms) = postSolution
		{6ABC8569-803E-4B7C-8742-82CE90F7ABAA}.Debug|Any CPU.ActiveCfg = Debug|Any CPU
		{6ABC8569-803E-4B7C-8742-82CE90F7ABAA}.Debug|Any CPU.Build.0 = Debug|Any CPU
		{6ABC8569-803E-4B7C-8742-82CE90F7ABAA}.Release|Any CPU.ActiveCfg = Release|Any CPU
		{6ABC8569-803E-4B7C-8742-82CE90F7ABAA}.Release|Any CPU.Build.0 = Release|Any CPU
		{3C62407C-A8DD-4C73-A5ED-283488E1B105}.Debug|Any CPU.ActiveCfg = Debug|Any CPU
		{3C62407C-A8DD-4C73-A5ED-283488E1B105}.Debug|Any CPU.Build.0 = Debug|Any CPU
		{3C62407C-A8DD-4C73-A5ED-283488E1B105}.Release|Any CPU.ActiveCfg = Release|Any CPU
		{3C62407C-A8DD-4C73-A5ED-283488E1B105}.Release|Any CPU.Build.0 = Release|Any CPU
	EndGlobalSection
	GlobalSection(SolutionProperties) = preSolution
		HideSolutionNode = FALSE
	EndGlobalSection
	GlobalSection(ExtensibilityGlobals) = postSolution
		SolutionGuid = {36EA7DE0-B09E-4028-8EBC-CB4E72A3DC39}
	EndGlobalSection
EndGlobal
